
Microsoft Visual Studio Solution File, Format Version 12.00
# Visual Studio Version 17
VisualStudioVersion = 17.7.33711.374
MinimumVisualStudioVersion = 10.0.40219.1
Project("{2150E333-8FDC-42A3-9474-1A3956D46DE8}") = ".root", ".root", "{64F04A33-0DAF-432B-ACC2-D74388B85C49}"
	ProjectSection(SolutionItems) = preProject
		.gitignore = .gitignore
		.github\workflows\cd-nuget.yml = .github\workflows\cd-nuget.yml
		Directory.Build.props = Directory.Build.props
		global.json = global.json
		LICENSE = LICENSE
		README.md = README.md
	EndProjectSection
EndProject
Project("{2150E333-8FDC-42A3-9474-1A3956D46DE8}") = "src", "src", "{4EC4428E-9F84-48B5-B6C3-329AC4B57E01}"
EndProject
Project("{9A19103F-16F7-4668-BE54-9A1E7A4F7556}") = "PodNet.Blazor.TypedRoutes", "src\TypedRoutes\PodNet.Blazor.TypedRoutes.csproj", "{C6E8CD66-EF40-4382-8B7C-402F59E94FC9}"
EndProject
Project("{9A19103F-16F7-4668-BE54-9A1E7A4F7556}") = "PodNet.Blazor.TypedRoutes.Generator", "src\TypedRoutes.Generator\PodNet.Blazor.TypedRoutes.Generator.csproj", "{7197DCBD-7500-4396-ACC3-1664C7163C77}"
EndProject
Project("{2150E333-8FDC-42A3-9474-1A3956D46DE8}") = "sample", "sample", "{CD07DD72-AE91-4359-83C0-C10922159D09}"
EndProject
Project("{9A19103F-16F7-4668-BE54-9A1E7A4F7556}") = "PodNet.Blazor.TypedRoutes.Sample", "sample\TypedRoutes.Sample\PodNet.Blazor.TypedRoutes.Sample.csproj", "{6CDF5F61-354D-4E7C-B9FF-C9A19724526F}"
EndProject
Project("{2150E333-8FDC-42A3-9474-1A3956D46DE8}") = "tests", "tests", "{324BEB68-88EA-4A49-859C-947A9882DCE4}"
EndProject
Project("{9A19103F-16F7-4668-BE54-9A1E7A4F7556}") = "PodNet.Blazor.TypedRoutes.IntegrationTests", "tests\TypedRoutes.IntegrationTests\PodNet.Blazor.TypedRoutes.IntegrationTests.csproj", "{409C98F3-DEB0-4EEA-9F72-C82D057256AB}"
EndProject
Project("{FAE04EC0-301F-11D3-BF4B-00C04F79EFBC}") = "PodNet.Blazor.TypedRoutes.Tests", "tests\TypedRoutes.Tests\PodNet.Blazor.TypedRoutes.Tests.csproj", "{B47A6C00-D294-450C-ADF8-C3BE06D3D7AA}"
EndProject
Global
	GlobalSection(SolutionConfigurationPlatforms) = preSolution
		Debug|Any CPU = Debug|Any CPU
		Release|Any CPU = Release|Any CPU
	EndGlobalSection
	GlobalSection(ProjectConfigurationPlatforms) = postSolution
		{C6E8CD66-EF40-4382-8B7C-402F59E94FC9}.Debug|Any CPU.ActiveCfg = Debug|Any CPU
		{C6E8CD66-EF40-4382-8B7C-402F59E94FC9}.Debug|Any CPU.Build.0 = Debug|Any CPU
		{C6E8CD66-EF40-4382-8B7C-402F59E94FC9}.Release|Any CPU.ActiveCfg = Release|Any CPU
		{C6E8CD66-EF40-4382-8B7C-402F59E94FC9}.Release|Any CPU.Build.0 = Release|Any CPU
		{7197DCBD-7500-4396-ACC3-1664C7163C77}.Debug|Any CPU.ActiveCfg = Debug|Any CPU
		{7197DCBD-7500-4396-ACC3-1664C7163C77}.Debug|Any CPU.Build.0 = Debug|Any CPU
		{7197DCBD-7500-4396-ACC3-1664C7163C77}.Release|Any CPU.ActiveCfg = Release|Any CPU
		{7197DCBD-7500-4396-ACC3-1664C7163C77}.Release|Any CPU.Build.0 = Release|Any CPU
		{6CDF5F61-354D-4E7C-B9FF-C9A19724526F}.Debug|Any CPU.ActiveCfg = Debug|Any CPU
		{6CDF5F61-354D-4E7C-B9FF-C9A19724526F}.Debug|Any CPU.Build.0 = Debug|Any CPU
		{6CDF5F61-354D-4E7C-B9FF-C9A19724526F}.Release|Any CPU.ActiveCfg = Release|Any CPU
		{6CDF5F61-354D-4E7C-B9FF-C9A19724526F}.Release|Any CPU.Build.0 = Release|Any CPU
		{409C98F3-DEB0-4EEA-9F72-C82D057256AB}.Debug|Any CPU.ActiveCfg = Debug|Any CPU
		{409C98F3-DEB0-4EEA-9F72-C82D057256AB}.Debug|Any CPU.Build.0 = Debug|Any CPU
		{409C98F3-DEB0-4EEA-9F72-C82D057256AB}.Release|Any CPU.ActiveCfg = Release|Any CPU
		{409C98F3-DEB0-4EEA-9F72-C82D057256AB}.Release|Any CPU.Build.0 = Release|Any CPU
		{B47A6C00-D294-450C-ADF8-C3BE06D3D7AA}.Debug|Any CPU.ActiveCfg = Debug|Any CPU
		{B47A6C00-D294-450C-ADF8-C3BE06D3D7AA}.Debug|Any CPU.Build.0 = Debug|Any CPU
		{B47A6C00-D294-450C-ADF8-C3BE06D3D7AA}.Release|Any CPU.ActiveCfg = Release|Any CPU
		{B47A6C00-D294-450C-ADF8-C3BE06D3D7AA}.Release|Any CPU.Build.0 = Release|Any CPU
	EndGlobalSection
	GlobalSection(SolutionProperties) = preSolution
		HideSolutionNode = FALSE
	EndGlobalSection
	GlobalSection(NestedProjects) = preSolution
		{C6E8CD66-EF40-4382-8B7C-402F59E94FC9} = {4EC4428E-9F84-48B5-B6C3-329AC4B57E01}
		{7197DCBD-7500-4396-ACC3-1664C7163C77} = {4EC4428E-9F84-48B5-B6C3-329AC4B57E01}
		{6CDF5F61-354D-4E7C-B9FF-C9A19724526F} = {CD07DD72-AE91-4359-83C0-C10922159D09}
		{409C98F3-DEB0-4EEA-9F72-C82D057256AB} = {324BEB68-88EA-4A49-859C-947A9882DCE4}
		{B47A6C00-D294-450C-ADF8-C3BE06D3D7AA} = {324BEB68-88EA-4A49-859C-947A9882DCE4}
	EndGlobalSection
	GlobalSection(ExtensibilityGlobals) = postSolution
		SolutionGuid = {53666E85-ECCF-4BF1-AD3A-EB6B4310BED8}
	EndGlobalSection
EndGlobal
